
Microsoft Visual Studio Solution File, Format Version 12.00
# Visual Studio Version 16
VisualStudioVersion = 16.0.31424.327
MinimumVisualStudioVersion = 10.0.40219.1
Project("{FAE04EC0-301F-11D3-BF4B-00C04F79EFBC}") = "BioSafeEnvironment1", "BioSafeEnvironment1\BioSafeEnvironment1.csproj", "{4C77EFE4-4CEB-4B7F-8520-761E84A96A44}"
EndProject
Global
	GlobalSection(SolutionConfigurationPlatforms) = preSolution
		Debug|Any CPU = Debug|Any CPU
		Release|Any CPU = Release|Any CPU
	EndGlobalSection
	GlobalSection(ProjectConfigurationPlatforms) = postSolution
		{4C77EFE4-4CEB-4B7F-8520-761E84A96A44}.Debug|Any CPU.ActiveCfg = Debug|Any CPU
		{4C77EFE4-4CEB-4B7F-8520-761E84A96A44}.Debug|Any CPU.Build.0 = Debug|Any CPU
		{4C77EFE4-4CEB-4B7F-8520-761E84A96A44}.Release|Any CPU.ActiveCfg = Release|Any CPU
		{4C77EFE4-4CEB-4B7F-8520-761E84A96A44}.Release|Any CPU.Build.0 = Release|Any CPU
	EndGlobalSection
	GlobalSection(SolutionProperties) = preSolution
		HideSolutionNode = FALSE
	EndGlobalSection
	GlobalSection(ExtensibilityGlobals) = postSolution
		SolutionGuid = {9343A88E-1C7E-4070-8086-EC15151C1A6A}
	EndGlobalSection
EndGlobal
